
Microsoft Visual Studio Solution File, Format Version 12.00
# Visual Studio Version 17
VisualStudioVersion = 17.5.33627.172
MinimumVisualStudioVersion = 10.0.40219.1
Project("{FAE04EC0-301F-11D3-BF4B-00C04F79EFBC}") = "TeligatiTechWeb2", "TeligatiTechWeb2\TeligatiTechWeb2.csproj", "{C3720D9F-B594-452C-A7CF-9F3E6CAB867A}"
EndProject
Global
	GlobalSection(SolutionConfigurationPlatforms) = preSolution
		Debug|Any CPU = Debug|Any CPU
		Release|Any CPU = Release|Any CPU
	EndGlobalSection
	GlobalSection(ProjectConfigurationPlatforms) = postSolution
		{C3720D9F-B594-452C-A7CF-9F3E6CAB867A}.Debug|Any CPU.ActiveCfg = Debug|Any CPU
		{C3720D9F-B594-452C-A7CF-9F3E6CAB867A}.Debug|Any CPU.Build.0 = Debug|Any CPU
		{C3720D9F-B594-452C-A7CF-9F3E6CAB867A}.Release|Any CPU.ActiveCfg = Release|Any CPU
		{C3720D9F-B594-452C-A7CF-9F3E6CAB867A}.Release|Any CPU.Build.0 = Release|Any CPU
	EndGlobalSection
	GlobalSection(SolutionProperties) = preSolution
		HideSolutionNode = FALSE
	EndGlobalSection
	GlobalSection(ExtensibilityGlobals) = postSolution
		SolutionGuid = {FDB0163D-3A4D-437C-A5D7-8BEE3B77AA26}
	EndGlobalSection
EndGlobal
